
Microsoft Visual Studio Solution File, Format Version 12.00
# Visual Studio Version 16
VisualStudioVersion = 16.0.28606.126
MinimumVisualStudioVersion = 10.0.40219.1
Project("{FAE04EC0-301F-11D3-BF4B-00C04F79EFBC}") = "CameraPlusScriptMaker", "CameraPlusScriptMaker\CameraPlusScriptMaker.csproj", "{0ACEAAC9-E0C7-460E-9989-F1F83153F897}"
EndProject
Global
	GlobalSection(SolutionConfigurationPlatforms) = preSolution
		Debug|Any CPU = Debug|Any CPU
		Release|Any CPU = Release|Any CPU
	EndGlobalSection
	GlobalSection(ProjectConfigurationPlatforms) = postSolution
		{0ACEAAC9-E0C7-460E-9989-F1F83153F897}.Debug|Any CPU.ActiveCfg = Debug|Any CPU
		{0ACEAAC9-E0C7-460E-9989-F1F83153F897}.Debug|Any CPU.Build.0 = Debug|Any CPU
		{0ACEAAC9-E0C7-460E-9989-F1F83153F897}.Release|Any CPU.ActiveCfg = Release|Any CPU
		{0ACEAAC9-E0C7-460E-9989-F1F83153F897}.Release|Any CPU.Build.0 = Release|Any CPU
	EndGlobalSection
	GlobalSection(SolutionProperties) = preSolution
		HideSolutionNode = FALSE
	EndGlobalSection
	GlobalSection(ExtensibilityGlobals) = postSolution
		SolutionGuid = {39E40799-FF66-428D-AA03-2A74B7E9D3A5}
	EndGlobalSection
EndGlobal
